
Microsoft Visual Studio Solution File, Format Version 12.00
# Visual Studio Version 17
VisualStudioVersion = 17.10.34928.147
MinimumVisualStudioVersion = 10.0.40219.1
Project("{FAE04EC0-301F-11D3-BF4B-00C04F79EFBC}") = "Exam2", "Exam2.csproj", "{34DE2B06-635B-4044-B124-8ADC862697E4}"
EndProject
Global
	GlobalSection(SolutionConfigurationPlatforms) = preSolution
		Debug|Any CPU = Debug|Any CPU
		Release|Any CPU = Release|Any CPU
	EndGlobalSection
	GlobalSection(ProjectConfigurationPlatforms) = postSolution
		{34DE2B06-635B-4044-B124-8ADC862697E4}.Debug|Any CPU.ActiveCfg = Debug|Any CPU
		{34DE2B06-635B-4044-B124-8ADC862697E4}.Debug|Any CPU.Build.0 = Debug|Any CPU
		{34DE2B06-635B-4044-B124-8ADC862697E4}.Release|Any CPU.ActiveCfg = Release|Any CPU
		{34DE2B06-635B-4044-B124-8ADC862697E4}.Release|Any CPU.Build.0 = Release|Any CPU
	EndGlobalSection
	GlobalSection(SolutionProperties) = preSolution
		HideSolutionNode = FALSE
	EndGlobalSection
	GlobalSection(ExtensibilityGlobals) = postSolution
		SolutionGuid = {F6A2D8B9-6B93-416F-B956-E51B3F95C9EF}
	EndGlobalSection
EndGlobal
